
Microsoft Visual Studio Solution File, Format Version 12.00
# Visual Studio Version 17
VisualStudioVersion = 17.0.31903.59
MinimumVisualStudioVersion = 10.0.40219.1
Project("{2150E333-8FDC-42A3-9474-1A3956D46DE8}") = "src", "src", "{27F05EB1-66E2-4C6D-A1F4-D2A85F07AC7D}"
EndProject
Project("{FAE04EC0-301F-11D3-BF4B-00C04F79EFBC}") = "RuntimeRegexCopy", "src\RuntimeRegexCopy\RuntimeRegexCopy.csproj", "{B4F36687-6BFE-49B6-94C1-375A28785B85}"
EndProject
Project("{F2A71F9B-5D33-465A-A702-920D77279786}") = "Sbre", "src\Sbre\Sbre.fsproj", "{603865A8-9FC4-4CC8-9FAA-2DAFBFA3491B}"
EndProject
Project("{F2A71F9B-5D33-465A-A702-920D77279786}") = "Sbre.Test", "src\Sbre.Test\Sbre.Test.fsproj", "{5287B4FD-C119-499E-AB3B-DB6C5C864743}"
EndProject
Project("{F2A71F9B-5D33-465A-A702-920D77279786}") = "Sbre.Benchmarks", "src\Sbre.Benchmarks\Sbre.Benchmarks.fsproj", "{CA536962-ADCA-4551-B42F-99563C090074}"
EndProject
Project("{F2A71F9B-5D33-465A-A702-920D77279786}") = "libsbre", "src\libsbre\libsbre.fsproj", "{77EB7C52-33DC-43D8-8ABE-D7E893B65758}"
EndProject
Project("{2150E333-8FDC-42A3-9474-1A3956D46DE8}") = "scripts", "scripts", "{8C12992D-CC7F-4037-95D3-B70705D87459}"
	ProjectSection(SolutionItems) = preProject
		scripts\test.fsx = scripts\test.fsx
		scripts\tmp.fsx = scripts\tmp.fsx
	EndProjectSection
EndProject
Project("{F2A71F9B-5D33-465A-A702-920D77279786}") = "Sbre.Parser", "src\Sbre.Parser\Sbre.Parser.fsproj", "{46BD621E-F6F8-4BE6-9B2E-7ACD33637AF3}"
EndProject
Global
	GlobalSection(SolutionConfigurationPlatforms) = preSolution
		Debug|Any CPU = Debug|Any CPU
		Release|Any CPU = Release|Any CPU
	EndGlobalSection
	GlobalSection(SolutionProperties) = preSolution
		HideSolutionNode = FALSE
	EndGlobalSection
	GlobalSection(ProjectConfigurationPlatforms) = postSolution
		{B4F36687-6BFE-49B6-94C1-375A28785B85}.Debug|Any CPU.ActiveCfg = Debug|Any CPU
		{B4F36687-6BFE-49B6-94C1-375A28785B85}.Debug|Any CPU.Build.0 = Debug|Any CPU
		{B4F36687-6BFE-49B6-94C1-375A28785B85}.Release|Any CPU.ActiveCfg = Release|Any CPU
		{B4F36687-6BFE-49B6-94C1-375A28785B85}.Release|Any CPU.Build.0 = Release|Any CPU
		{603865A8-9FC4-4CC8-9FAA-2DAFBFA3491B}.Debug|Any CPU.ActiveCfg = Debug|Any CPU
		{603865A8-9FC4-4CC8-9FAA-2DAFBFA3491B}.Debug|Any CPU.Build.0 = Debug|Any CPU
		{603865A8-9FC4-4CC8-9FAA-2DAFBFA3491B}.Release|Any CPU.ActiveCfg = Release|Any CPU
		{603865A8-9FC4-4CC8-9FAA-2DAFBFA3491B}.Release|Any CPU.Build.0 = Release|Any CPU
		{5287B4FD-C119-499E-AB3B-DB6C5C864743}.Debug|Any CPU.ActiveCfg = Debug|Any CPU
		{5287B4FD-C119-499E-AB3B-DB6C5C864743}.Debug|Any CPU.Build.0 = Debug|Any CPU
		{5287B4FD-C119-499E-AB3B-DB6C5C864743}.Release|Any CPU.ActiveCfg = Release|Any CPU
		{5287B4FD-C119-499E-AB3B-DB6C5C864743}.Release|Any CPU.Build.0 = Release|Any CPU
		{CA536962-ADCA-4551-B42F-99563C090074}.Debug|Any CPU.ActiveCfg = Debug|Any CPU
		{CA536962-ADCA-4551-B42F-99563C090074}.Debug|Any CPU.Build.0 = Debug|Any CPU
		{CA536962-ADCA-4551-B42F-99563C090074}.Release|Any CPU.ActiveCfg = Release|Any CPU
		{CA536962-ADCA-4551-B42F-99563C090074}.Release|Any CPU.Build.0 = Release|Any CPU
		{77EB7C52-33DC-43D8-8ABE-D7E893B65758}.Debug|Any CPU.ActiveCfg = Debug|Any CPU
		{77EB7C52-33DC-43D8-8ABE-D7E893B65758}.Debug|Any CPU.Build.0 = Debug|Any CPU
		{77EB7C52-33DC-43D8-8ABE-D7E893B65758}.Release|Any CPU.ActiveCfg = Release|Any CPU
		{77EB7C52-33DC-43D8-8ABE-D7E893B65758}.Release|Any CPU.Build.0 = Release|Any CPU
		{46BD621E-F6F8-4BE6-9B2E-7ACD33637AF3}.Debug|Any CPU.ActiveCfg = Debug|Any CPU
		{46BD621E-F6F8-4BE6-9B2E-7ACD33637AF3}.Debug|Any CPU.Build.0 = Debug|Any CPU
		{46BD621E-F6F8-4BE6-9B2E-7ACD33637AF3}.Release|Any CPU.ActiveCfg = Release|Any CPU
		{46BD621E-F6F8-4BE6-9B2E-7ACD33637AF3}.Release|Any CPU.Build.0 = Release|Any CPU
	EndGlobalSection
	GlobalSection(NestedProjects) = preSolution
		{B4F36687-6BFE-49B6-94C1-375A28785B85} = {27F05EB1-66E2-4C6D-A1F4-D2A85F07AC7D}
		{603865A8-9FC4-4CC8-9FAA-2DAFBFA3491B} = {27F05EB1-66E2-4C6D-A1F4-D2A85F07AC7D}
		{5287B4FD-C119-499E-AB3B-DB6C5C864743} = {27F05EB1-66E2-4C6D-A1F4-D2A85F07AC7D}
		{CA536962-ADCA-4551-B42F-99563C090074} = {27F05EB1-66E2-4C6D-A1F4-D2A85F07AC7D}
		{77EB7C52-33DC-43D8-8ABE-D7E893B65758} = {27F05EB1-66E2-4C6D-A1F4-D2A85F07AC7D}
		{46BD621E-F6F8-4BE6-9B2E-7ACD33637AF3} = {27F05EB1-66E2-4C6D-A1F4-D2A85F07AC7D}
	EndGlobalSection
EndGlobal
